
Microsoft Visual Studio Solution File, Format Version 12.00
# Visual Studio Version 16
VisualStudioVersion = 16.0.32802.440
MinimumVisualStudioVersion = 10.0.40219.1
Project("{FAE04EC0-301F-11D3-BF4B-00C04F79EFBC}") = "Homework3", "Homework3\Homework3.csproj", "{9939B3C1-A134-41D3-AAF9-255B4A5E0837}"
EndProject
Global
	GlobalSection(SolutionConfigurationPlatforms) = preSolution
		Debug|Any CPU = Debug|Any CPU
		Release|Any CPU = Release|Any CPU
	EndGlobalSection
	GlobalSection(ProjectConfigurationPlatforms) = postSolution
		{9939B3C1-A134-41D3-AAF9-255B4A5E0837}.Debug|Any CPU.ActiveCfg = Debug|Any CPU
		{9939B3C1-A134-41D3-AAF9-255B4A5E0837}.Debug|Any CPU.Build.0 = Debug|Any CPU
		{9939B3C1-A134-41D3-AAF9-255B4A5E0837}.Release|Any CPU.ActiveCfg = Release|Any CPU
		{9939B3C1-A134-41D3-AAF9-255B4A5E0837}.Release|Any CPU.Build.0 = Release|Any CPU
	EndGlobalSection
	GlobalSection(SolutionProperties) = preSolution
		HideSolutionNode = FALSE
	EndGlobalSection
	GlobalSection(ExtensibilityGlobals) = postSolution
		SolutionGuid = {AF74C524-23CB-4B16-A177-53D5ABC9A713}
	EndGlobalSection
EndGlobal
